# THIS IS AN AUTOGENERATED FILE. DO NOT EDIT THIS FILE DIRECTLY.
# yarn lockfile v1


"@types/chai@4":
  version "4.2.7"
  resolved "https://registry.yarnpkg.com/@types/chai/-/chai-4.2.7.tgz#1c8c25cbf6e59ffa7d6b9652c78e547d9a41692d"

"@types/cookiejar@*":
  version "2.1.1"
  resolved "https://registry.yarnpkg.com/@types/cookiejar/-/cookiejar-2.1.1.tgz#90b68446364baf9efd8e8349bb36bd3852b75b80"

"@types/node@*":
  version "13.1.1"
  resolved "https://registry.yarnpkg.com/@types/node/-/node-13.1.1.tgz#6d11a8c2d58405b3db9388ab740106cbfa64c3c9"

"@types/superagent@^3.8.3":
  version "3.8.7"
  resolved "https://registry.yarnpkg.com/@types/superagent/-/superagent-3.8.7.tgz#1f1ed44634d5459b3a672eb7235a8e7cfd97704c"
  dependencies:
    "@types/cookiejar" "*"
    "@types/node" "*"

JSV@^4.0.x:
  version "4.0.2"
  resolved "https://registry.yarnpkg.com/JSV/-/JSV-4.0.2.tgz#d077f6825571f82132f9dffaed587b4029feff57"

abbrev@1, abbrev@1.0.x:
  version "1.0.9"
  resolved "https://registry.yarnpkg.com/abbrev/-/abbrev-1.0.9.tgz#91b4792588a7738c25f35dd6f63752a2f8776135"

accept@^3.1.3:
  version "3.1.3"
  resolved "https://registry.yarnpkg.com/accept/-/accept-3.1.3.tgz#29c3e2b3a8f4eedbc2b690e472b9ebbdc7385e87"
  dependencies:
    boom "7.x.x"
    hoek "6.x.x"

amdefine@>=0.0.4:
  version "1.0.1"
  resolved "https://registry.yarnpkg.com/amdefine/-/amdefine-1.0.1.tgz#4a5282ac164729e93619bcfd3ad151f817ce91f5"

ansi-regex@^2.0.0:
  version "2.1.1"
  resolved "https://registry.yarnpkg.com/ansi-regex/-/ansi-regex-2.1.1.tgz#c3b33ab5ee360d86e0e628f0468ae7ef27d654df"

ansi-styles@^2.2.1:
  version "2.2.1"
  resolved "https://registry.yarnpkg.com/ansi-styles/-/ansi-styles-2.2.1.tgz#b432dd3358b634cf75e1e4664368240533c1ddbe"

ansi-styles@~1.0.0:
  version "1.0.0"
  resolved "https://registry.yarnpkg.com/ansi-styles/-/ansi-styles-1.0.0.tgz#cb102df1c56f5123eab8b67cd7b98027a0279178"

argparse@^1.0.7:
  version "1.0.9"
  resolved "https://registry.yarnpkg.com/argparse/-/argparse-1.0.9.tgz#73d83bc263f86e97f8cc4f6bae1b0e90a7d22c86"
  dependencies:
    sprintf-js "~1.0.2"

assertion-error@^1.0.1:
  version "1.0.2"
  resolved "https://registry.yarnpkg.com/assertion-error/-/assertion-error-1.0.2.tgz#13ca515d86206da0bac66e834dd397d87581094c"

async@1.x:
  version "1.5.2"
  resolved "https://registry.yarnpkg.com/async/-/async-1.5.2.tgz#ec6a61ae56480c0c3cb241c95618e20892f9672a"

async@^2.6.2:
  version "2.6.3"
  resolved "https://registry.yarnpkg.com/async/-/async-2.6.3.tgz#d72625e2344a3656e3a3ad4fa749fa83299d82ff"
  dependencies:
    lodash "^4.17.14"

async@~1.0.0:
  version "1.0.0"
  resolved "https://registry.yarnpkg.com/async/-/async-1.0.0.tgz#f8fc04ca3a13784ade9e1641af98578cfbd647a9"

asynckit@^0.4.0:
  version "0.4.0"
  resolved "https://registry.yarnpkg.com/asynckit/-/asynckit-0.4.0.tgz#c79ed97f7f34cb8f2ba1bc9790bcc366474b4b79"

axios@^0.19.2:
  version "0.19.2"
  resolved "https://registry.yarnpkg.com/axios/-/axios-0.19.2.tgz#3ea36c5d8818d0d5f8a8a97a6d36b86cdc00cb27"
  integrity sha512-fjgm5MvRHLhx+osE2xoekY70AhARk3a6hkN+3Io1jc00jtquGvxYlKlsFUhmUET0V5te6CcZI7lcv2Ym61mjHA==
  dependencies:
    follow-redirects "1.5.10"

babel-code-frame@^6.26.0:
  version "6.26.0"
  resolved "https://registry.yarnpkg.com/babel-code-frame/-/babel-code-frame-6.26.0.tgz#63fd43f7dc1e3bb7ce35947db8fe369a3f58c74b"
  dependencies:
    chalk "^1.1.3"
    esutils "^2.0.2"
    js-tokens "^3.0.2"

babel-core@^6.26.0:
  version "6.26.0"
  resolved "https://registry.yarnpkg.com/babel-core/-/babel-core-6.26.0.tgz#af32f78b31a6fcef119c87b0fd8d9753f03a0bb8"
  dependencies:
    babel-code-frame "^6.26.0"
    babel-generator "^6.26.0"
    babel-helpers "^6.24.1"
    babel-messages "^6.23.0"
    babel-register "^6.26.0"
    babel-runtime "^6.26.0"
    babel-template "^6.26.0"
    babel-traverse "^6.26.0"
    babel-types "^6.26.0"
    babylon "^6.18.0"
    convert-source-map "^1.5.0"
    debug "^2.6.8"
    json5 "^0.5.1"
    lodash "^4.17.4"
    minimatch "^3.0.4"
    path-is-absolute "^1.0.1"
    private "^0.1.7"
    slash "^1.0.0"
    source-map "^0.5.6"

babel-generator@^6.26.0:
  version "6.26.0"
  resolved "https://registry.yarnpkg.com/babel-generator/-/babel-generator-6.26.0.tgz#ac1ae20070b79f6e3ca1d3269613053774f20dc5"
  dependencies:
    babel-messages "^6.23.0"
    babel-runtime "^6.26.0"
    babel-types "^6.26.0"
    detect-indent "^4.0.0"
    jsesc "^1.3.0"
    lodash "^4.17.4"
    source-map "^0.5.6"
    trim-right "^1.0.1"

babel-helpers@^6.24.1:
  version "6.24.1"
  resolved "https://registry.yarnpkg.com/babel-helpers/-/babel-helpers-6.24.1.tgz#3471de9caec388e5c850e597e58a26ddf37602b2"
  dependencies:
    babel-runtime "^6.22.0"
    babel-template "^6.24.1"

babel-messages@^6.23.0:
  version "6.23.0"
  resolved "https://registry.yarnpkg.com/babel-messages/-/babel-messages-6.23.0.tgz#f3cdf4703858035b2a2951c6ec5edf6c62f2630e"
  dependencies:
    babel-runtime "^6.22.0"

babel-plugin-transform-es2015-block-scoping@^6.26.0:
  version "6.26.0"
  resolved "https://registry.yarnpkg.com/babel-plugin-transform-es2015-block-scoping/-/babel-plugin-transform-es2015-block-scoping-6.26.0.tgz#d70f5299c1308d05c12f463813b0a09e73b1895f"
  dependencies:
    babel-runtime "^6.26.0"
    babel-template "^6.26.0"
    babel-traverse "^6.26.0"
    babel-types "^6.26.0"
    lodash "^4.17.4"

babel-register@^6.26.0:
  version "6.26.0"
  resolved "https://registry.yarnpkg.com/babel-register/-/babel-register-6.26.0.tgz#6ed021173e2fcb486d7acb45c6009a856f647071"
  dependencies:
    babel-core "^6.26.0"
    babel-runtime "^6.26.0"
    core-js "^2.5.0"
    home-or-tmp "^2.0.0"
    lodash "^4.17.4"
    mkdirp "^0.5.1"
    source-map-support "^0.4.15"

babel-runtime@^6.22.0, babel-runtime@^6.26.0:
  version "6.26.0"
  resolved "https://registry.yarnpkg.com/babel-runtime/-/babel-runtime-6.26.0.tgz#965c7058668e82b55d7bfe04ff2337bc8b5647fe"
  dependencies:
    core-js "^2.4.0"
    regenerator-runtime "^0.11.0"

babel-template@^6.24.1, babel-template@^6.26.0:
  version "6.26.0"
  resolved "https://registry.yarnpkg.com/babel-template/-/babel-template-6.26.0.tgz#de03e2d16396b069f46dd9fff8521fb1a0e35e02"
  dependencies:
    babel-runtime "^6.26.0"
    babel-traverse "^6.26.0"
    babel-types "^6.26.0"
    babylon "^6.18.0"
    lodash "^4.17.4"

babel-traverse@^6.26.0:
  version "6.26.0"
  resolved "https://registry.yarnpkg.com/babel-traverse/-/babel-traverse-6.26.0.tgz#46a9cbd7edcc62c8e5c064e2d2d8d0f4035766ee"
  dependencies:
    babel-code-frame "^6.26.0"
    babel-messages "^6.23.0"
    babel-runtime "^6.26.0"
    babel-types "^6.26.0"
    babylon "^6.18.0"
    debug "^2.6.8"
    globals "^9.18.0"
    invariant "^2.2.2"
    lodash "^4.17.4"

babel-types@^6.26.0:
  version "6.26.0"
  resolved "https://registry.yarnpkg.com/babel-types/-/babel-types-6.26.0.tgz#a3b073f94ab49eb6fa55cd65227a334380632497"
  dependencies:
    babel-runtime "^6.26.0"
    esutils "^2.0.2"
    lodash "^4.17.4"
    to-fast-properties "^1.0.3"

babylon@^6.18.0:
  version "6.18.0"
  resolved "https://registry.yarnpkg.com/babylon/-/babylon-6.18.0.tgz#af2f3b88fa6f5c1e4c634d1a0f8eac4f55b395e3"

balanced-match@^1.0.0:
  version "1.0.0"
  resolved "https://registry.yarnpkg.com/balanced-match/-/balanced-match-1.0.0.tgz#89b4d199ab2bee49de164ea02b89ce462d71b767"

bluebird@3.4.1:
  version "3.4.1"
  resolved "https://registry.yarnpkg.com/bluebird/-/bluebird-3.4.1.tgz#b731ddf48e2dd3bedac2e75e1215a11bcb91fa07"

boom@7.x.x:
  version "7.3.0"
  resolved "https://registry.yarnpkg.com/boom/-/boom-7.3.0.tgz#733a6d956d33b0b1999da3fe6c12996950d017b9"
  dependencies:
    hoek "6.x.x"

brace-expansion@^1.0.0, brace-expansion@^1.1.7:
  version "1.1.8"
  resolved "https://registry.yarnpkg.com/brace-expansion/-/brace-expansion-1.1.8.tgz#c07b211c7c952ec1f8efd51a77ef0d1d3990a292"
  dependencies:
    balanced-match "^1.0.0"
    concat-map "0.0.1"

buffer-equal@1.0.0:
  version "1.0.0"
  resolved "https://registry.yarnpkg.com/buffer-equal/-/buffer-equal-1.0.0.tgz#59616b498304d556abd466966b22eeda3eca5fbe"

chai-http@^4.2.1:
  version "4.3.0"
  resolved "https://registry.yarnpkg.com/chai-http/-/chai-http-4.3.0.tgz#3c37c675c1f4fe685185a307e345de7599337c1a"
  dependencies:
    "@types/chai" "4"
    "@types/superagent" "^3.8.3"
    cookiejar "^2.1.1"
    is-ip "^2.0.0"
    methods "^1.1.2"
    qs "^6.5.1"
    superagent "^3.7.0"

chai@^3.5.0:
  version "3.5.0"
  resolved "https://registry.yarnpkg.com/chai/-/chai-3.5.0.tgz#4d02637b067fe958bdbfdd3a40ec56fef7373247"
  dependencies:
    assertion-error "^1.0.1"
    deep-eql "^0.1.3"
    type-detect "^1.0.0"

chalk@^1.1.3:
  version "1.1.3"
  resolved "https://registry.yarnpkg.com/chalk/-/chalk-1.1.3.tgz#a8115c55e4a702fe4d150abd3872822a7e09fc98"
  dependencies:
    ansi-styles "^2.2.1"
    escape-string-regexp "^1.0.2"
    has-ansi "^2.0.0"
    strip-ansi "^3.0.0"
    supports-color "^2.0.0"

chalk@~0.4.0:
  version "0.4.0"
  resolved "https://registry.yarnpkg.com/chalk/-/chalk-0.4.0.tgz#5199a3ddcd0c1efe23bc08c1b027b06176e0c64f"
  dependencies:
    ansi-styles "~1.0.0"
    has-color "~0.1.0"
    strip-ansi "~0.1.0"

colors@1.0.3, colors@1.0.x:
  version "1.0.3"
  resolved "https://registry.yarnpkg.com/colors/-/colors-1.0.3.tgz#0433f44d809680fdeb60ed260f1b0c262e82a40b"

combined-stream@^1.0.6:
  version "1.0.8"
  resolved "https://registry.yarnpkg.com/combined-stream/-/combined-stream-1.0.8.tgz#c3d45a8b34fd730631a110a8a2520682b31d5a7f"
  dependencies:
    delayed-stream "~1.0.0"

commander@2.9.0:
  version "2.9.0"
  resolved "https://registry.yarnpkg.com/commander/-/commander-2.9.0.tgz#9c99094176e12240cb22d6c5146098400fe0f7d4"
  dependencies:
    graceful-readlink ">= 1.0.0"

commander@~2.20.3:
  version "2.20.3"
  resolved "https://registry.yarnpkg.com/commander/-/commander-2.20.3.tgz#fd485e84c03eb4881c20722ba48035e8531aeb33"

component-emitter@^1.2.0:
  version "1.2.1"
  resolved "https://registry.yarnpkg.com/component-emitter/-/component-emitter-1.2.1.tgz#137918d6d78283f7df7a6b7c5a63e140e69425e6"

concat-map@0.0.1:
  version "0.0.1"
  resolved "https://registry.yarnpkg.com/concat-map/-/concat-map-0.0.1.tgz#d8a96bd77fd68df7793a73036a3ba0d5405d477b"

convert-source-map@^1.5.0:
  version "1.5.1"
  resolved "https://registry.yarnpkg.com/convert-source-map/-/convert-source-map-1.5.1.tgz#b8278097b9bc229365de5c62cf5fcaed8b5599e5"

cookiejar@^2.1.0, cookiejar@^2.1.1:
  version "2.1.2"
  resolved "https://registry.yarnpkg.com/cookiejar/-/cookiejar-2.1.2.tgz#dd8a235530752f988f9a0844f3fc589e3111125c"

core-js@^2.4.0, core-js@^2.5.0:
  version "2.5.3"
  resolved "https://registry.yarnpkg.com/core-js/-/core-js-2.5.3.tgz#8acc38345824f16d8365b7c9b4259168e8ed603e"

core-util-is@~1.0.0:
  version "1.0.2"
  resolved "https://registry.yarnpkg.com/core-util-is/-/core-util-is-1.0.2.tgz#b5fd54220aa2bc5ab57aab7140c940754503c1a7"

cycle@1.0.x:
  version "1.0.3"
  resolved "https://registry.yarnpkg.com/cycle/-/cycle-1.0.3.tgz#21e80b2be8580f98b468f379430662b046c34ad2"

debug@=3.1.0:
  version "3.1.0"
  resolved "https://registry.yarnpkg.com/debug/-/debug-3.1.0.tgz#5bb5a0672628b64149566ba16819e61518c67261"
  dependencies:
    ms "2.0.0"

debug@^2.6.8:
  version "2.6.9"
  resolved "https://registry.yarnpkg.com/debug/-/debug-2.6.9.tgz#5d128515df134ff327e90a4c93f4e077a536341f"
  dependencies:
    ms "2.0.0"

debug@^3.0.0, debug@^3.1.0, debug@^3.1.1:
  version "3.2.6"
  resolved "https://registry.yarnpkg.com/debug/-/debug-3.2.6.tgz#e83d17de16d8a7efb7717edbe5fb10135eee629b"
  dependencies:
    ms "^2.1.1"

deep-assign@^2.0.0:
  version "2.0.0"
  resolved "https://registry.yarnpkg.com/deep-assign/-/deep-assign-2.0.0.tgz#ebe06b1f07f08dae597620e3dd1622f371a1c572"
  dependencies:
    is-obj "^1.0.0"

deep-eql@^0.1.3:
  version "0.1.3"
  resolved "https://registry.yarnpkg.com/deep-eql/-/deep-eql-0.1.3.tgz#ef558acab8de25206cd713906d74e56930eb69f2"
  dependencies:
    type-detect "0.1.1"

deep-is@~0.1.3:
  version "0.1.3"
  resolved "https://registry.yarnpkg.com/deep-is/-/deep-is-0.1.3.tgz#b369d6fb5dbc13eecf524f91b070feedc357cf34"

delayed-stream@~1.0.0:
  version "1.0.0"
  resolved "https://registry.yarnpkg.com/delayed-stream/-/delayed-stream-1.0.0.tgz#df3ae199acadfb7d440aaae0b29e2272b24ec619"

detect-indent@^4.0.0:
  version "4.0.0"
  resolved "https://registry.yarnpkg.com/detect-indent/-/detect-indent-4.0.0.tgz#f76d064352cdf43a1cb6ce619c4ee3a9475de208"
  dependencies:
    repeating "^2.0.0"

dir-compare@^1.7.1:
  version "1.8.0"
  resolved "https://registry.yarnpkg.com/dir-compare/-/dir-compare-1.8.0.tgz#5dbc06682c0492519c733f76f43452414d8167d0"
  dependencies:
    bluebird "3.4.1"
    buffer-equal "1.0.0"
    colors "1.0.3"
    commander "2.9.0"
    minimatch "3.0.2"

end-of-stream@^1.1.0:
  version "1.4.4"
  resolved "https://registry.yarnpkg.com/end-of-stream/-/end-of-stream-1.4.4.tgz#5ae64a5f45057baf3626ec14da0ca5e4b2431eb0"
  dependencies:
    once "^1.4.0"

escape-string-regexp@^1.0.2:
  version "1.0.5"
  resolved "https://registry.yarnpkg.com/escape-string-regexp/-/escape-string-regexp-1.0.5.tgz#1b61c0562190a8dff6ae3bb2cf0200ca130b86d4"

escodegen@1.8.x:
  version "1.8.1"
  resolved "https://registry.yarnpkg.com/escodegen/-/escodegen-1.8.1.tgz#5a5b53af4693110bebb0867aa3430dd3b70a1018"
  dependencies:
    esprima "^2.7.1"
    estraverse "^1.9.1"
    esutils "^2.0.2"
    optionator "^0.8.1"
  optionalDependencies:
    source-map "~0.2.0"

esprima@2.7.x, esprima@^2.6.0, esprima@^2.7.1:
  version "2.7.3"
  resolved "https://registry.yarnpkg.com/esprima/-/esprima-2.7.3.tgz#96e3b70d5779f6ad49cd032673d1c312767ba581"

estraverse@^1.9.1:
  version "1.9.3"
  resolved "https://registry.yarnpkg.com/estraverse/-/estraverse-1.9.3.tgz#af67f2dc922582415950926091a4005d29c9bb44"

esutils@^2.0.2:
  version "2.0.2"
  resolved "https://registry.yarnpkg.com/esutils/-/esutils-2.0.2.tgz#0abf4f1caa5bcb1f7a9d8acc6dea4faaa04bac9b"

eventemitter3@^4.0.0:
  version "4.0.0"
  resolved "https://registry.yarnpkg.com/eventemitter3/-/eventemitter3-4.0.0.tgz#d65176163887ee59f386d64c82610b696a4a74eb"

exit@^0.1.2:
  version "0.1.2"
  resolved "https://registry.yarnpkg.com/exit/-/exit-0.1.2.tgz#0632638f8d877cc82107d30a0fff1a17cba1cd0c"

extend@^3.0.0:
  version "3.0.1"
  resolved "https://registry.yarnpkg.com/extend/-/extend-3.0.1.tgz#a755ea7bc1adfcc5a31ce7e762dbaadc5e636444"

eyes@0.1.x:
  version "0.1.8"
  resolved "https://registry.yarnpkg.com/eyes/-/eyes-0.1.8.tgz#62cf120234c683785d902348a800ef3e0cc20bc0"

fast-levenshtein@~2.0.4:
  version "2.0.6"
  resolved "https://registry.yarnpkg.com/fast-levenshtein/-/fast-levenshtein-2.0.6.tgz#3d8a5c66883a16a30ca8643e851f19baa7797917"

fast-lorem-ipsum@^1.2.0:
  version "1.2.0"
  resolved "https://registry.yarnpkg.com/fast-lorem-ipsum/-/fast-lorem-ipsum-1.2.0.tgz#d637f479de10b3860bf2df1cc9dd3719cb1f4fec"

fast-xml-parser@^3.12.13:
  version "3.15.1"
  resolved "https://registry.yarnpkg.com/fast-xml-parser/-/fast-xml-parser-3.15.1.tgz#7299ef53b00d5c0f9809599396a26e6d1af20603"

follow-redirects@1.5.10:
  version "1.5.10"
  resolved "https://registry.yarnpkg.com/follow-redirects/-/follow-redirects-1.5.10.tgz#7b7a9f9aea2fdff36786a94ff643ed07f4ff5e2a"
  dependencies:
    debug "=3.1.0"

follow-redirects@^1.0.0:
  version "1.9.0"
  resolved "https://registry.yarnpkg.com/follow-redirects/-/follow-redirects-1.9.0.tgz#8d5bcdc65b7108fe1508649c79c12d732dcedb4f"
  dependencies:
    debug "^3.0.0"

form-data@^2.3.1:
  version "2.5.1"
  resolved "https://registry.yarnpkg.com/form-data/-/form-data-2.5.1.tgz#f2cbec57b5e59e23716e128fe44d4e5dd23895f4"
  dependencies:
    asynckit "^0.4.0"
    combined-stream "^1.0.6"
    mime-types "^2.1.12"

formidable@^1.2.0:
  version "1.2.1"
  resolved "https://registry.yarnpkg.com/formidable/-/formidable-1.2.1.tgz#70fb7ca0290ee6ff961090415f4b3df3d2082659"

from2@^2.3.0:
  version "2.3.0"
  resolved "https://registry.yarnpkg.com/from2/-/from2-2.3.0.tgz#8bfb5502bde4a4d36cfdeea007fcca21d7e382af"
  dependencies:
    inherits "^2.0.1"
    readable-stream "^2.0.0"

fs.realpath@^1.0.0:
  version "1.0.0"
  resolved "https://registry.yarnpkg.com/fs.realpath/-/fs.realpath-1.0.0.tgz#1504ad2523158caa40db4a2787cb01411994ea4f"

glob@^5.0.15:
  version "5.0.15"
  resolved "https://registry.yarnpkg.com/glob/-/glob-5.0.15.tgz#1bc936b9e02f4a603fcc222ecf7633d30b8b93b1"
  dependencies:
    inflight "^1.0.4"
    inherits "2"
    minimatch "2 || 3"
    once "^1.3.0"
    path-is-absolute "^1.0.0"

glob@^7.0.5, glob@^7.0.6:
  version "7.1.2"
  resolved "https://registry.yarnpkg.com/glob/-/glob-7.1.2.tgz#c19c9df9a028702d678612384a6552404c636d15"
  dependencies:
    fs.realpath "^1.0.0"
    inflight "^1.0.4"
    inherits "2"
    minimatch "^3.0.4"
    once "^1.3.0"
    path-is-absolute "^1.0.0"

globals@^9.18.0:
  version "9.18.0"
  resolved "https://registry.yarnpkg.com/globals/-/globals-9.18.0.tgz#aa3896b3e69b487f17e31ed2143d69a8e30c2d8a"

"graceful-readlink@>= 1.0.0":
  version "1.0.1"
  resolved "https://registry.yarnpkg.com/graceful-readlink/-/graceful-readlink-1.0.1.tgz#4cafad76bc62f02fa039b2f94e9a3dd3a391a725"

handlebars@^4.0.1:
  version "4.5.3"
  resolved "https://registry.yarnpkg.com/handlebars/-/handlebars-4.5.3.tgz#5cf75bd8714f7605713511a56be7c349becb0482"
  dependencies:
    neo-async "^2.6.0"
    optimist "^0.6.1"
    source-map "^0.6.1"
  optionalDependencies:
    uglify-js "^3.1.4"

has-ansi@^2.0.0:
  version "2.0.0"
  resolved "https://registry.yarnpkg.com/has-ansi/-/has-ansi-2.0.0.tgz#34f5049ce1ecdf2b0649af3ef24e45ed35416d91"
  dependencies:
    ansi-regex "^2.0.0"

has-color@~0.1.0:
  version "0.1.7"
  resolved "https://registry.yarnpkg.com/has-color/-/has-color-0.1.7.tgz#67144a5260c34fc3cca677d041daf52fe7b78b2f"

has-flag@^1.0.0:
  version "1.0.0"
  resolved "https://registry.yarnpkg.com/has-flag/-/has-flag-1.0.0.tgz#9d9e793165ce017a00f00418c43f942a7b1d11fa"

hashes@^0.1.3:
  version "0.1.4"
  resolved "https://registry.yarnpkg.com/hashes/-/hashes-0.1.4.tgz#a2f8e0edee5dda7c9530bb4c21b9e147d4018878"

hoek@6.x.x:
  version "6.1.3"
  resolved "https://registry.yarnpkg.com/hoek/-/hoek-6.1.3.tgz#73b7d33952e01fe27a38b0457294b79dd8da242c"

home-or-tmp@^2.0.0:
  version "2.0.0"
  resolved "https://registry.yarnpkg.com/home-or-tmp/-/home-or-tmp-2.0.0.tgz#e36c3f2d2cae7d746a857e38d18d5f32a7882db8"
  dependencies:
    os-homedir "^1.0.0"
    os-tmpdir "^1.0.1"

http-proxy@^1.17.0:
  version "1.18.0"
  resolved "https://registry.yarnpkg.com/http-proxy/-/http-proxy-1.18.0.tgz#dbe55f63e75a347db7f3d99974f2692a314a6a3a"
  dependencies:
    eventemitter3 "^4.0.0"
    follow-redirects "^1.0.0"
    requires-port "^1.0.0"

inflight@^1.0.4:
  version "1.0.6"
  resolved "https://registry.yarnpkg.com/inflight/-/inflight-1.0.6.tgz#49bd6331d7d02d0c09bc910a1075ba8165b56df9"
  dependencies:
    once "^1.3.0"
    wrappy "1"

inherits@2, inherits@~2.0.3:
  version "2.0.3"
  resolved "https://registry.yarnpkg.com/inherits/-/inherits-2.0.3.tgz#633c2c83e3da42a502f52466022480f4208261de"

inherits@^2.0.1:
  version "2.0.4"
  resolved "https://registry.yarnpkg.com/inherits/-/inherits-2.0.4.tgz#0fa2c64f932917c3433a0ded55363aae37416b7c"

into-stream@^5.1.0:
  version "5.1.1"
  resolved "https://registry.yarnpkg.com/into-stream/-/into-stream-5.1.1.tgz#f9a20a348a11f3c13face22763f2d02e127f4db8"
  dependencies:
    from2 "^2.3.0"
    p-is-promise "^3.0.0"

invariant@^2.2.2:
  version "2.2.2"
  resolved "https://registry.yarnpkg.com/invariant/-/invariant-2.2.2.tgz#9e1f56ac0acdb6bf303306f338be3b204ae60360"
  dependencies:
    loose-envify "^1.0.0"

ip-regex@^2.0.0:
  version "2.1.0"
  resolved "https://registry.yarnpkg.com/ip-regex/-/ip-regex-2.1.0.tgz#fa78bf5d2e6913c911ce9f819ee5146bb6d844e9"

is-finite@^1.0.0:
  version "1.0.2"
  resolved "https://registry.yarnpkg.com/is-finite/-/is-finite-1.0.2.tgz#cc6677695602be550ef11e8b4aa6305342b6d0aa"
  dependencies:
    number-is-nan "^1.0.0"

is-ip@^2.0.0:
  version "2.0.0"
  resolved "https://registry.yarnpkg.com/is-ip/-/is-ip-2.0.0.tgz#68eea07e8a0a0a94c2d080dd674c731ab2a461ab"
  dependencies:
    ip-regex "^2.0.0"

is-obj@^1.0.0:
  version "1.0.1"
  resolved "https://registry.yarnpkg.com/is-obj/-/is-obj-1.0.1.tgz#3e4729ac1f5fde025cd7d83a896dab9f4f67db0f"

isarray@~1.0.0:
  version "1.0.0"
  resolved "https://registry.yarnpkg.com/isarray/-/isarray-1.0.0.tgz#bb935d48582cba168c06834957a54a3e07124f11"

isbinaryfile@^4.0.2:
  version "4.0.2"
  resolved "https://registry.yarnpkg.com/isbinaryfile/-/isbinaryfile-4.0.2.tgz#bfc45642da645681c610cca831022e30af426488"

isexe@^2.0.0:
  version "2.0.0"
  resolved "https://registry.yarnpkg.com/isexe/-/isexe-2.0.0.tgz#e8fbf374dc556ff8947a10dcb0572d633f2cfa10"

isstream@0.1.x:
  version "0.1.2"
  resolved "https://registry.yarnpkg.com/isstream/-/isstream-0.1.2.tgz#47e63f7af55afa6f92e1500e690eb8b8529c099a"

istanbul@^0.4.5:
  version "0.4.5"
  resolved "https://registry.yarnpkg.com/istanbul/-/istanbul-0.4.5.tgz#65c7d73d4c4da84d4f3ac310b918fb0b8033733b"
  dependencies:
    abbrev "1.0.x"
    async "1.x"
    escodegen "1.8.x"
    esprima "2.7.x"
    glob "^5.0.15"
    handlebars "^4.0.1"
    js-yaml "3.x"
    mkdirp "0.5.x"
    nopt "3.x"
    once "1.x"
    resolve "1.1.x"
    supports-color "^3.1.0"
    which "^1.1.1"
    wordwrap "^1.0.0"

jasmine-core@^2.99.1, jasmine-core@~2.99.0:
  version "2.99.1"
  resolved "https://registry.yarnpkg.com/jasmine-core/-/jasmine-core-2.99.1.tgz#e6400df1e6b56e130b61c4bcd093daa7f6e8ca15"

jasmine@^2.99.0:
  version "2.99.0"
  resolved "https://registry.yarnpkg.com/jasmine/-/jasmine-2.99.0.tgz#8ca72d102e639b867c6489856e0e18a9c7aa42b7"
  dependencies:
    exit "^0.1.2"
    glob "^7.0.6"
    jasmine-core "~2.99.0"

js-joda@^1.9.2:
  version "1.11.0"
  resolved "https://registry.yarnpkg.com/js-joda/-/js-joda-1.11.0.tgz#e0e424b049cf7a9db3ed7729a6ca1f7d96b2486e"

js-tokens@^3.0.0, js-tokens@^3.0.2:
  version "3.0.2"
  resolved "https://registry.yarnpkg.com/js-tokens/-/js-tokens-3.0.2.tgz#9866df395102130e38f7f996bceb65443209c25b"

js-yaml@3.x:
  version "3.6.1"
  resolved "https://registry.yarnpkg.com/js-yaml/-/js-yaml-3.6.1.tgz#6e5fe67d8b205ce4d22fad05b7781e8dadcc4b30"
  dependencies:
    argparse "^1.0.7"
    esprima "^2.6.0"

jsesc@^1.3.0:
  version "1.3.0"
  resolved "https://registry.yarnpkg.com/jsesc/-/jsesc-1.3.0.tgz#46c3fec8c1892b12b0833db9bc7622176dbab34b"

json5@^0.5.1:
  version "0.5.1"
  resolved "https://registry.yarnpkg.com/json5/-/json5-0.5.1.tgz#1eade7acc012034ad84e2396767ead9fa5495821"

jsonlint@^1.6.3:
  version "1.6.3"
  resolved "https://registry.yarnpkg.com/jsonlint/-/jsonlint-1.6.3.tgz#cb5e31efc0b78291d0d862fbef05900adf212988"
  dependencies:
    JSV "^4.0.x"
    nomnom "^1.5.x"

levn@~0.3.0:
  version "0.3.0"
  resolved "https://registry.yarnpkg.com/levn/-/levn-0.3.0.tgz#3b09924edf9f083c0490fdd4c0bc4421e04764ee"
  dependencies:
    prelude-ls "~1.1.2"
    type-check "~0.3.2"

lodash@^4.17.14:
  version "4.17.15"
  resolved "https://registry.yarnpkg.com/lodash/-/lodash-4.17.15.tgz#b447f6670a0455bbfeedd11392eff330ea097548"

lodash@^4.17.4:
  version "4.17.4"
  resolved "https://registry.yarnpkg.com/lodash/-/lodash-4.17.4.tgz#78203a4d1c328ae1d86dca6460e369b57f4055ae"

loose-envify@^1.0.0:
  version "1.3.1"
  resolved "https://registry.yarnpkg.com/loose-envify/-/loose-envify-1.3.1.tgz#d1a8ad33fa9ce0e713d65fdd0ac8b748d478c848"
  dependencies:
    js-tokens "^3.0.0"

methods@^1.1.1, methods@^1.1.2:
  version "1.1.2"
  resolved "https://registry.yarnpkg.com/methods/-/methods-1.1.2.tgz#5529a4d67654134edcc5266656835b0f851afcee"

mime-db@~1.27.0:
  version "1.27.0"
  resolved "https://registry.yarnpkg.com/mime-db/-/mime-db-1.27.0.tgz#820f572296bbd20ec25ed55e5b5de869e5436eb1"

mime-types@^2.1.12:
  version "2.1.15"
  resolved "https://registry.yarnpkg.com/mime-types/-/mime-types-2.1.15.tgz#a4ebf5064094569237b8cf70046776d09fc92aed"
  dependencies:
    mime-db "~1.27.0"

mime@^1.4.1:
  version "1.6.0"
  resolved "https://registry.yarnpkg.com/mime/-/mime-1.6.0.tgz#32cd9e5c64553bd58d19a568af452acff04981b1"

"minimatch@2 || 3", minimatch@^3.0.4:
  version "3.0.4"
  resolved "https://registry.yarnpkg.com/minimatch/-/minimatch-3.0.4.tgz#5166e286457f03306064be5497e8dbb0c3d32083"
  dependencies:
    brace-expansion "^1.1.7"

minimatch@3.0.2:
  version "3.0.2"
  resolved "https://registry.yarnpkg.com/minimatch/-/minimatch-3.0.2.tgz#0f398a7300ea441e9c348c83d98ab8c9dbf9c40a"
  dependencies:
    brace-expansion "^1.0.0"

minimist@0.0.8:
  version "0.0.8"
  resolved "https://registry.yarnpkg.com/minimist/-/minimist-0.0.8.tgz#857fcabfc3397d2625b8228262e86aa7a011b05d"

minimist@~0.0.1:
  version "0.0.10"
  resolved "https://registry.yarnpkg.com/minimist/-/minimist-0.0.10.tgz#de3f98543dbf96082be48ad1a0c7cda836301dcf"

mkdirp@0.5.x, mkdirp@^0.5.1:
  version "0.5.1"
  resolved "https://registry.yarnpkg.com/mkdirp/-/mkdirp-0.5.1.tgz#30057438eac6cf7f8c4767f38648d6697d75c903"
  dependencies:
    minimist "0.0.8"

ms@2.0.0:
  version "2.0.0"
  resolved "https://registry.yarnpkg.com/ms/-/ms-2.0.0.tgz#5608aeadfc00be6c2901df5f9861788de0d597c8"

ms@^2.1.1:
  version "2.1.2"
  resolved "https://registry.yarnpkg.com/ms/-/ms-2.1.2.tgz#d09d1f357b443f493382a8eb3ccd183872ae6009"

neo-async@^2.6.0:
  version "2.6.1"
  resolved "https://registry.yarnpkg.com/neo-async/-/neo-async-2.6.1.tgz#ac27ada66167fa8849a6addd837f6b189ad2081c"

nimn-date-parser@^1.0.0:
  version "1.0.0"
  resolved "https://registry.yarnpkg.com/nimn-date-parser/-/nimn-date-parser-1.0.0.tgz#4ce55d1fd5ea206bbe82b76276f7b7c582139351"

nimn_schema_builder@^1.0.0:
  version "1.1.0"
  resolved "https://registry.yarnpkg.com/nimn_schema_builder/-/nimn_schema_builder-1.1.0.tgz#b370ccf5b647d66e50b2dcfb20d0aa12468cd247"

nimnjs@^2.2.0:
  version "2.2.0"
  resolved "https://registry.yarnpkg.com/nimnjs/-/nimnjs-2.2.0.tgz#2b6b3f82f9c7ca6c052deb736cf0bd7932bba851"
  dependencies:
    nimn-date-parser "^1.0.0"
    nimn_schema_builder "^1.0.0"

nomnom@^1.5.x:
  version "1.8.1"
  resolved "https://registry.yarnpkg.com/nomnom/-/nomnom-1.8.1.tgz#2151f722472ba79e50a76fc125bb8c8f2e4dc2a7"
  dependencies:
    chalk "~0.4.0"
    underscore "~1.6.0"

nopt@3.x:
  version "3.0.6"
  resolved "https://registry.yarnpkg.com/nopt/-/nopt-3.0.6.tgz#c6465dbf08abcd4db359317f79ac68a646b28ff9"
  dependencies:
    abbrev "1"

notepack.io@^2.2.0:
  version "2.2.0"
  resolved "https://registry.yarnpkg.com/notepack.io/-/notepack.io-2.2.0.tgz#d7ea71d1cb90094f88c6f3c8d84277c2d0cd101c"

number-is-nan@^1.0.0:
  version "1.0.1"
  resolved "https://registry.yarnpkg.com/number-is-nan/-/number-is-nan-1.0.1.tgz#097b602b53422a522c1afb8790318336941a011d"

once@1.x, once@^1.3.0, once@^1.3.1, once@^1.4.0:
  version "1.4.0"
  resolved "https://registry.yarnpkg.com/once/-/once-1.4.0.tgz#583b1aa775961d4b113ac17d9c50baef9dd76bd1"
  dependencies:
    wrappy "1"

optimist@^0.6.1:
  version "0.6.1"
  resolved "https://registry.yarnpkg.com/optimist/-/optimist-0.6.1.tgz#da3ea74686fa21a19a111c326e90eb15a0196686"
  dependencies:
    minimist "~0.0.1"
    wordwrap "~0.0.2"

optionator@^0.8.1:
  version "0.8.2"
  resolved "https://registry.yarnpkg.com/optionator/-/optionator-0.8.2.tgz#364c5e409d3f4d6301d6c0b4c05bba50180aeb64"
  dependencies:
    deep-is "~0.1.3"
    fast-levenshtein "~2.0.4"
    levn "~0.3.0"
    prelude-ls "~1.1.2"
    type-check "~0.3.2"
    wordwrap "~1.0.0"

os-homedir@^1.0.0:
  version "1.0.2"
  resolved "https://registry.yarnpkg.com/os-homedir/-/os-homedir-1.0.2.tgz#ffbc4988336e0e833de0c168c7ef152121aa7fb3"

os-tmpdir@^1.0.1:
  version "1.0.2"
  resolved "https://registry.yarnpkg.com/os-tmpdir/-/os-tmpdir-1.0.2.tgz#bbe67406c79aa85c5cfec766fe5734555dfa1274"

p-is-promise@^3.0.0:
  version "3.0.0"
  resolved "https://registry.yarnpkg.com/p-is-promise/-/p-is-promise-3.0.0.tgz#58e78c7dfe2e163cf2a04ff869e7c1dba64a5971"

path-is-absolute@^1.0.0, path-is-absolute@^1.0.1:
  version "1.0.1"
  resolved "https://registry.yarnpkg.com/path-is-absolute/-/path-is-absolute-1.0.1.tgz#174b9268735534ffbc7ace6bf53a5a9e1b5c5f5f"

portfinder@^1.0.20:
  version "1.0.25"
  resolved "https://registry.yarnpkg.com/portfinder/-/portfinder-1.0.25.tgz#254fd337ffba869f4b9d37edc298059cb4d35eca"
  dependencies:
    async "^2.6.2"
    debug "^3.1.1"
    mkdirp "^0.5.1"

prelude-ls@~1.1.2:
  version "1.1.2"
  resolved "https://registry.yarnpkg.com/prelude-ls/-/prelude-ls-1.1.2.tgz#21932a549f5e52ffd9a827f570e04be62a97da54"

private@^0.1.7:
  version "0.1.8"
  resolved "https://registry.yarnpkg.com/private/-/private-0.1.8.tgz#2381edb3689f7a53d653190060fcf822d2f368ff"

process-nextick-args@~2.0.0:
  version "2.0.1"
  resolved "https://registry.yarnpkg.com/process-nextick-args/-/process-nextick-args-2.0.1.tgz#7820d9b16120cc55ca9ae7792680ae7dba6d7fe2"

pump@^3.0.0:
  version "3.0.0"
  resolved "https://registry.yarnpkg.com/pump/-/pump-3.0.0.tgz#b4a2116815bde2f4e1ea602354e8c75565107a64"
  dependencies:
    end-of-stream "^1.1.0"
    once "^1.3.1"

q@^1.4.1:
  version "1.5.1"
  resolved "https://registry.yarnpkg.com/q/-/q-1.5.1.tgz#7e32f75b41381291d04611f1bf14109ac00651d7"

qs@^6.5.1:
  version "6.9.1"
  resolved "https://registry.yarnpkg.com/qs/-/qs-6.9.1.tgz#20082c65cb78223635ab1a9eaca8875a29bf8ec9"

readable-stream@^2.0.0, readable-stream@^2.3.5:
  version "2.3.6"
  resolved "https://registry.yarnpkg.com/readable-stream/-/readable-stream-2.3.6.tgz#b11c27d88b8ff1fbe070643cf94b0c79ae1b0aaf"
  dependencies:
    core-util-is "~1.0.0"
    inherits "~2.0.3"
    isarray "~1.0.0"
    process-nextick-args "~2.0.0"
    safe-buffer "~5.1.1"
    string_decoder "~1.1.1"
    util-deprecate "~1.0.1"

regenerator-runtime@^0.11.0:
  version "0.11.1"
  resolved "https://registry.yarnpkg.com/regenerator-runtime/-/regenerator-runtime-0.11.1.tgz#be05ad7f9bf7d22e056f9726cee5017fbf19e2e9"

repeating@^2.0.0:
  version "2.0.1"
  resolved "https://registry.yarnpkg.com/repeating/-/repeating-2.0.1.tgz#5214c53a926d3552707527fbab415dbc08d06dda"
  dependencies:
    is-finite "^1.0.0"

requires-port@^1.0.0:
  version "1.0.0"
  resolved "https://registry.yarnpkg.com/requires-port/-/requires-port-1.0.0.tgz#925d2601d39ac485e091cf0da5c6e694dc3dcaff"

resolve@1.1.x:
  version "1.1.7"
  resolved "https://registry.yarnpkg.com/resolve/-/resolve-1.1.7.tgz#203114d82ad2c5ed9e8e0411b3932875e889e97b"

rewire@^3.0.2:
  version "3.0.2"
  resolved "https://registry.yarnpkg.com/rewire/-/rewire-3.0.2.tgz#25e5413c4f1676eb3247d1884198b3a265408bbd"
  dependencies:
    babel-core "^6.26.0"
    babel-plugin-transform-es2015-block-scoping "^6.26.0"

safe-buffer@~5.1.0:
  version "5.1.1"
  resolved "https://registry.yarnpkg.com/safe-buffer/-/safe-buffer-5.1.1.tgz#893312af69b2123def71f57889001671eeb2c853"

safe-buffer@~5.1.1:
  version "5.1.2"
  resolved "https://registry.yarnpkg.com/safe-buffer/-/safe-buffer-5.1.2.tgz#991ec69d296e0313747d59bdfd2b745c35f8828d"

slash@^1.0.0:
  version "1.0.0"
  resolved "https://registry.yarnpkg.com/slash/-/slash-1.0.0.tgz#c41f2f6c39fc16d1cd17ad4b5d896114ae470d55"

source-map-support@^0.4.15:
  version "0.4.18"
  resolved "https://registry.yarnpkg.com/source-map-support/-/source-map-support-0.4.18.tgz#0286a6de8be42641338594e97ccea75f0a2c585f"
  dependencies:
    source-map "^0.5.6"

source-map@^0.5.6:
  version "0.5.7"
  resolved "https://registry.yarnpkg.com/source-map/-/source-map-0.5.7.tgz#8a039d2d1021d22d1ea14c80d8ea468ba2ef3fcc"

source-map@^0.6.1, source-map@~0.6.1:
  version "0.6.1"
  resolved "https://registry.yarnpkg.com/source-map/-/source-map-0.6.1.tgz#74722af32e9614e9c287a8d0bbde48b5e2f1a263"

source-map@~0.2.0:
  version "0.2.0"
  resolved "https://registry.yarnpkg.com/source-map/-/source-map-0.2.0.tgz#dab73fbcfc2ba819b4de03bd6f6eaa48164b3f9d"
  dependencies:
    amdefine ">=0.0.4"

sprintf-js@~1.0.2:
  version "1.0.3"
  resolved "https://registry.yarnpkg.com/sprintf-js/-/sprintf-js-1.0.3.tgz#04e6926f662895354f3dd015203633b857297e2c"

stack-trace@0.0.x:
  version "0.0.10"
  resolved "https://registry.yarnpkg.com/stack-trace/-/stack-trace-0.0.10.tgz#547c70b347e8d32b4e108ea1a2a159e5fdde19c0"

string_decoder@~1.1.1:
  version "1.1.1"
  resolved "https://registry.yarnpkg.com/string_decoder/-/string_decoder-1.1.1.tgz#9cf1611ba62685d7030ae9e4ba34149c3af03fc8"
  dependencies:
    safe-buffer "~5.1.0"

strip-ansi@^3.0.0:
  version "3.0.1"
  resolved "https://registry.yarnpkg.com/strip-ansi/-/strip-ansi-3.0.1.tgz#6a385fb8853d952d5ff05d0e8aaf94278dc63dcf"
  dependencies:
    ansi-regex "^2.0.0"

strip-ansi@~0.1.0:
  version "0.1.1"
  resolved "https://registry.yarnpkg.com/strip-ansi/-/strip-ansi-0.1.1.tgz#39e8a98d044d150660abe4a6808acf70bb7bc991"

superagent@^3.7.0:
  version "3.8.3"
  resolved "https://registry.yarnpkg.com/superagent/-/superagent-3.8.3.tgz#460ea0dbdb7d5b11bc4f78deba565f86a178e128"
  dependencies:
    component-emitter "^1.2.0"
    cookiejar "^2.1.0"
    debug "^3.1.0"
    extend "^3.0.0"
    form-data "^2.3.1"
    formidable "^1.2.0"
    methods "^1.1.1"
    mime "^1.4.1"
    qs "^6.5.1"
    readable-stream "^2.3.5"

supports-color@^2.0.0:
  version "2.0.0"
  resolved "https://registry.yarnpkg.com/supports-color/-/supports-color-2.0.0.tgz#535d045ce6b6363fa40117084629995e9df324c7"

supports-color@^3.1.0:
  version "3.2.3"
  resolved "https://registry.yarnpkg.com/supports-color/-/supports-color-3.2.3.tgz#65ac0504b3954171d8a64946b2ae3cbb8a5f54f6"
  dependencies:
    has-flag "^1.0.0"

to-fast-properties@^1.0.3:
  version "1.0.3"
  resolved "https://registry.yarnpkg.com/to-fast-properties/-/to-fast-properties-1.0.3.tgz#b83571fa4d8c25b82e231b06e3a3055de4ca1a47"

trim-right@^1.0.1:
  version "1.0.1"
  resolved "https://registry.yarnpkg.com/trim-right/-/trim-right-1.0.1.tgz#cb2e1203067e0c8de1f614094b9fe45704ea6003"

type-check@~0.3.2:
  version "0.3.2"
  resolved "https://registry.yarnpkg.com/type-check/-/type-check-0.3.2.tgz#5884cab512cf1d355e3fb784f30804b2b520db72"
  dependencies:
    prelude-ls "~1.1.2"

type-detect@0.1.1:
  version "0.1.1"
  resolved "https://registry.yarnpkg.com/type-detect/-/type-detect-0.1.1.tgz#0ba5ec2a885640e470ea4e8505971900dac58822"

type-detect@^1.0.0:
  version "1.0.0"
  resolved "https://registry.yarnpkg.com/type-detect/-/type-detect-1.0.0.tgz#762217cc06db258ec48908a1298e8b95121e8ea2"

uglify-js@^3.1.4:
  version "3.7.2"
  resolved "https://registry.yarnpkg.com/uglify-js/-/uglify-js-3.7.2.tgz#cb1a601e67536e9ed094a92dd1e333459643d3f9"
  dependencies:
    commander "~2.20.3"
    source-map "~0.6.1"

underscore@~1.6.0:
  version "1.6.0"
  resolved "https://registry.yarnpkg.com/underscore/-/underscore-1.6.0.tgz#8b38b10cacdef63337b8b24e4ff86d45aea529a8"

util-deprecate@~1.0.1:
  version "1.0.2"
  resolved "https://registry.yarnpkg.com/util-deprecate/-/util-deprecate-1.0.2.tgz#450d4dc9fa70de732762fbd2d4a28981419a0ccf"

which@^1.1.1:
  version "1.2.14"
  resolved "https://registry.yarnpkg.com/which/-/which-1.2.14.tgz#9a87c4378f03e827cecaf1acdf56c736c01c14e5"
  dependencies:
    isexe "^2.0.0"

winston@^2.4.4:
  version "2.4.4"
  resolved "https://registry.yarnpkg.com/winston/-/winston-2.4.4.tgz#a01e4d1d0a103cf4eada6fc1f886b3110d71c34b"
  dependencies:
    async "~1.0.0"
    colors "1.0.x"
    cycle "1.0.x"
    eyes "0.1.x"
    isstream "0.1.x"
    stack-trace "0.0.x"

wordwrap@^1.0.0, wordwrap@~1.0.0:
  version "1.0.0"
  resolved "https://registry.yarnpkg.com/wordwrap/-/wordwrap-1.0.0.tgz#27584810891456a4171c8d0226441ade90cbcaeb"

wordwrap@~0.0.2:
  version "0.0.3"
  resolved "https://registry.yarnpkg.com/wordwrap/-/wordwrap-0.0.3.tgz#a3d5da6cd5c0bc0008d37234bbaf1bed63059107"

wrappy@1:
  version "1.0.2"
  resolved "https://registry.yarnpkg.com/wrappy/-/wrappy-1.0.2.tgz#b5243d8f3ec1aa35f1364605bc0d1036e30ab69f"

yamljs@^0.2.8:
  version "0.2.10"
  resolved "https://registry.yarnpkg.com/yamljs/-/yamljs-0.2.10.tgz#481cc7c25ca73af59f591f0c96e3ce56c757a40f"
  dependencies:
    argparse "^1.0.7"
    glob "^7.0.5"
